
Microsoft Visual Studio Solution File, Format Version 12.00
# Visual Studio 2012
Project("{FAE04EC0-301F-11D3-BF4B-00C04F79EFBC}") = "Xecryption_decryption", "Xecryption_decryption\Xecryption_decryption.csproj", "{B5211BAC-6B67-4A37-AA3A-2DACD63E12E0}"
EndProject
Global
	GlobalSection(SolutionConfigurationPlatforms) = preSolution
		Debug|Any CPU = Debug|Any CPU
		Release|Any CPU = Release|Any CPU
	EndGlobalSection
	GlobalSection(ProjectConfigurationPlatforms) = postSolution
		{B5211BAC-6B67-4A37-AA3A-2DACD63E12E0}.Debug|Any CPU.ActiveCfg = Debug|Any CPU
		{B5211BAC-6B67-4A37-AA3A-2DACD63E12E0}.Debug|Any CPU.Build.0 = Debug|Any CPU
		{B5211BAC-6B67-4A37-AA3A-2DACD63E12E0}.Release|Any CPU.ActiveCfg = Release|Any CPU
		{B5211BAC-6B67-4A37-AA3A-2DACD63E12E0}.Release|Any CPU.Build.0 = Release|Any CPU
	EndGlobalSection
	GlobalSection(SolutionProperties) = preSolution
		HideSolutionNode = FALSE
	EndGlobalSection
EndGlobal
